// !$*UTF8*$!
{
	archiveVersion = 1;
	classes = {
	};
	objectVersion = 46;
	objects = {

/* Begin PBXBuildFile section */
		0B3B09EE1DF708D00053CB7E /* AppDelegate.swift in Sources */ = {isa = PBXBuildFile; fileRef = 0B3B09ED1DF708D00053CB7E /* AppDelegate.swift */; };
		0B3B09F01DF708D00053CB7E /* ViewController.swift in Sources */ = {isa = PBXBuildFile; fileRef = 0B3B09EF1DF708D00053CB7E /* ViewController.swift */; };
		0B3B09F31DF708D00053CB7E /* Main.storyboard in Resources */ = {isa = PBXBuildFile; fileRef = 0B3B09F11DF708D00053CB7E /* Main.storyboard */; };
		0B3B09F51DF708D00053CB7E /* Assets.xcassets in Resources */ = {isa = PBXBuildFile; fileRef = 0B3B09F41DF708D00053CB7E /* Assets.xcassets */; };
		0B3B09F81DF708D00053CB7E /* LaunchScreen.storyboard in Resources */ = {isa = PBXBuildFile; fileRef = 0B3B09F61DF708D00053CB7E /* LaunchScreen.storyboard */; };
		0B3B0A031DF708D00053CB7E /* Final_Grade_CalculatorTests.swift in Sources */ = {isa = PBXBuildFile; fileRef = 0B3B0A021DF708D00053CB7E /* Final_Grade_CalculatorTests.swift */; };
		0B3B0A0E1DF708D00053CB7E /* Final_Grade_CalculatorUITests.swift in Sources */ = {isa = PBXBuildFile; fileRef = 0B3B0A0D1DF708D00053CB7E /* Final_Grade_CalculatorUITests.swift */; };
/* End PBXBuildFile section */

/* Begin PBXContainerItemProxy section */
		0B3B09FF1DF708D00053CB7E /* PBXContainerItemProxy */ = {
			isa = PBXContainerItemProxy;
			containerPortal = 0B3B09E21DF708D00053CB7E /* Project object */;
			proxyType = 1;
			remoteGlobalIDString = 0B3B09E91DF708D00053CB7E;
			remoteInfo = "Final Grade Calculator";
		};
		0B3B0A0A1DF708D00053CB7E /* PBXContainerItemProxy */ = {
			isa = PBXContainerItemProxy;
			containerPortal = 0B3B09E21DF708D00053CB7E /* Project object */;
			proxyType = 1;
			remoteGlobalIDString = 0B3B09E91DF708D00053CB7E;
			remoteInfo = "Final Grade Calculator";
		};
/* End PBXContainerItemProxy section */

/* Begin PBXFileReference section */
		0B3B09EA1DF708D00053CB7E /* Final Grade Calculator.app */ = {isa = PBXFileReference; explicitFileType = wrapper.application; includeInIndex = 0; path = "Final Grade Calculator.app"; sourceTree = BUILT_PRODUCTS_DIR; };
		0B3B09ED1DF708D00053CB7E /* AppDelegate.swift */ = {isa = PBXFileReference; lastKnownFileType = sourcecode.swift; path = AppDelegate.swift; sourceTree = "<group>"; };
		0B3B09EF1DF708D00053CB7E /* ViewController.swift */ = {isa = PBXFileReference; lastKnownFileType = sourcecode.swift; path = ViewController.swift; sourceTree = "<group>"; };
		0B3B09F21DF708D00053CB7E /* Base */ = {isa = PBXFileReference; lastKnownFileType = file.storyboard; name = Base; path = Base.lproj/Main.storyboard; sourceTree = "<group>"; };
		0B3B09F41DF708D00053CB7E /* Assets.xcassets */ = {isa = PBXFileReference; lastKnownFileType = folder.assetcatalog; path = Assets.xcassets; sourceTree = "<group>"; };
		0B3B09F71DF708D00053CB7E /* Base */ = {isa = PBXFileReference; lastKnownFileType = file.storyboard; name = Base; path = Base.lproj/LaunchScreen.storyboard; sourceTree = "<group>"; };
		0B3B09F91DF708D00053CB7E /* Info.plist */ = {isa = PBXFileReference; lastKnownFileType = text.plist.xml; path = Info.plist; sourceTree = "<group>"; };
		0B3B09FE1DF708D00053CB7E /* Final Grade CalculatorTests.xctest */ = {isa = PBXFileReference; explicitFileType = wrapper.cfbundle; includeInIndex = 0; path = "Final Grade CalculatorTests.xctest"; sourceTree = BUILT_PRODUCTS_DIR; };
		0B3B0A021DF708D00053CB7E /* Final_Grade_CalculatorTests.swift */ = {isa = PBXFileReference; lastKnownFileType = sourcecode.swift; path = Final_Grade_CalculatorTests.swift; sourceTree = "<group>"; };
		0B3B0A041DF708D00053CB7E /* Info.plist */ = {isa = PBXFileReference; lastKnownFileType = text.plist.xml; path = Info.plist; sourceTree = "<group>"; };
		0B3B0A091DF708D00053CB7E /* Final Grade CalculatorUITests.xctest */ = {isa = PBXFileReference; explicitFileType = wrapper.cfbundle; includeInIndex = 0; path = "Final Grade CalculatorUITests.xctest"; sourceTree = BUILT_PRODUCTS_DIR; };
		0B3B0A0D1DF708D00053CB7E /* Final_Grade_CalculatorUITests.swift */ = {isa = PBXFileReference; lastKnownFileType = sourcecode.swift; path = Final_Grade_CalculatorUITests.swift; sourceTree = "<group>"; };
		0B3B0A0F1DF708D00053CB7E /* Info.plist */ = {isa = PBXFileReference; lastKnownFileType = text.plist.xml; path = Info.plist; sourceTree = "<group>"; };
/* End PBXFileReference section */

/* Begin PBXFrameworksBuildPhase section */
		0B3B09E71DF708D00053CB7E /* Frameworks */ = {
			isa = PBXFrameworksBuildPhase;
			buildActionMask = 2147483647;
			files = (
			);
			runOnlyForDeploymentPostprocessing = 0;
		};
		0B3B09FB1DF708D00053CB7E /* Frameworks */ = {
			isa = PBXFrameworksBuildPhase;
			buildActionMask = 2147483647;
			files = (
			);
			runOnlyForDeploymentPostprocessing = 0;
		};
		0B3B0A061DF708D00053CB7E /* Frameworks */ = {
			isa = PBXFrameworksBuildPhase;
			buildActionMask = 2147483647;
			files = (
			);
			runOnlyForDeploymentPostprocessing = 0;
		};
/* End PBXFrameworksBuildPhase section */

/* Begin PBXGroup section */
		0B3B09E11DF708D00053CB7E = {
			isa = PBXGroup;
			children = (
				0B3B09EC1DF708D00053CB7E /* Final Grade Calculator */,
				0B3B0A011DF708D00053CB7E /* Final Grade CalculatorTests */,
				0B3B0A0C1DF708D00053CB7E /* Final Grade CalculatorUITests */,
				0B3B09EB1DF708D00053CB7E /* Products */,
			);
			sourceTree = "<group>";
		};
		0B3B09EB1DF708D00053CB7E /* Products */ = {
			isa = PBXGroup;
			children = (
				0B3B09EA1DF708D00053CB7E /* Final Grade Calculator.app */,
				0B3B09FE1DF708D00053CB7E /* Final Grade CalculatorTests.xctest */,
				0B3B0A091DF708D00053CB7E /* Final Grade CalculatorUITests.xctest */,
			);
			name = Products;
			sourceTree = "<group>";
		};
		0B3B09EC1DF708D00053CB7E /* Final Grade Calculator */ = {
			isa = PBXGroup;
			children = (
				0B3B09ED1DF708D00053CB7E /* AppDelegate.swift */,
				0B3B09EF1DF708D00053CB7E /* ViewController.swift */,
				0B3B09F11DF708D00053CB7E /* Main.storyboard */,
				0B3B09F41DF708D00053CB7E /* Assets.xcassets */,
				0B3B09F61DF708D00053CB7E /* LaunchScreen.storyboard */,
				0B3B09F91DF708D00053CB7E /* Info.plist */,
			);
			path = "Final Grade Calculator";
			sourceTree = "<group>";
		};
		0B3B0A011DF708D00053CB7E /* Final Grade CalculatorTests */ = {
			isa = PBXGroup;
			children = (
				0B3B0A021DF708D00053CB7E /* Final_Grade_CalculatorTests.swift */,
				0B3B0A041DF708D00053CB7E /* Info.plist */,
			);
			path = "Final Grade CalculatorTests";
			sourceTree = "<group>";
		};
		0B3B0A0C1DF708D00053CB7E /* Final Grade CalculatorUITests */ = {
			isa = PBXGroup;
			children = (
				0B3B0A0D1DF708D00053CB7E /* Final_Grade_CalculatorUITests.swift */,
				0B3B0A0F1DF708D00053CB7E /* Info.plist */,
			);
			path = "Final Grade CalculatorUITests";
			sourceTree = "<group>";
		};
/* End PBXGroup section */

/* Begin PBXNativeTarget section */
		0B3B09E91DF708D00053CB7E /* Final Grade Calculator */ = {
			isa = PBXNativeTarget;
			buildConfigurationList = 0B3B0A121DF708D00053CB7E /* Build configuration list for PBXNativeTarget "Final Grade Calculator" */;
			buildPhases = (
				0B3B09E61DF708D00053CB7E /* Sources */,
				0B3B09E71DF708D00053CB7E /* Frameworks */,
				0B3B09E81DF708D00053CB7E /* Resources */,
			);
			buildRules = (
			);
			dependencies = (
			);
			name = "Final Grade Calculator";
			productName = "Final Grade Calculator";
			productReference = 0B3B09EA1DF708D00053CB7E /* Final Grade Calculator.app */;
			productType = "com.apple.product-type.application";
		};
		0B3B09FD1DF708D00053CB7E /* Final Grade CalculatorTests */ = {
			isa = PBXNativeTarget;
			buildConfigurationList = 0B3B0A151DF708D00053CB7E /* Build configuration list for PBXNativeTarget "Final Grade CalculatorTests" */;
			buildPhases = (
				0B3B09FA1DF708D00053CB7E /* Sources */,
				0B3B09FB1DF708D00053CB7E /* Frameworks */,
				0B3B09FC1DF708D00053CB7E /* Resources */,
			);
			buildRules = (
			);
			dependencies = (
				0B3B0A001DF708D00053CB7E /* PBXTargetDependency */,
			);
			name = "Final Grade CalculatorTests";
			productName = "Final Grade CalculatorTests";
			productReference = 0B3B09FE1DF708D00053CB7E /* Final Grade CalculatorTests.xctest */;
			productType = "com.apple.product-type.bundle.unit-test";
		};
		0B3B0A081DF708D00053CB7E /* Final Grade CalculatorUITests */ = {
			isa = PBXNativeTarget;
			buildConfigurationList = 0B3B0A181DF708D00053CB7E /* Build configuration list for PBXNativeTarget "Final Grade CalculatorUITests" */;
			buildPhases = (
				0B3B0A051DF708D00053CB7E /* Sources */,
				0B3B0A061DF708D00053CB7E /* Frameworks */,
				0B3B0A071DF708D00053CB7E /* Resources */,
			);
			buildRules = (
			);
			dependencies = (
				0B3B0A0B1DF708D00053CB7E /* PBXTargetDependency */,
			);
			name = "Final Grade CalculatorUITests";
			productName = "Final Grade CalculatorUITests";
			productReference = 0B3B0A091DF708D00053CB7E /* Final Grade CalculatorUITests.xctest */;
			productType = "com.apple.product-type.bundle.ui-testing";
		};
/* End PBXNativeTarget section */

/* Begin PBXProject section */
		0B3B09E21DF708D00053CB7E /* Project object */ = {
			isa = PBXProject;
			attributes = {
				LastSwiftUpdateCheck = 0800;
				LastUpgradeCheck = 0800;
				ORGANIZATIONNAME = "Sedona Falco";
				TargetAttributes = {
					0B3B09E91DF708D00053CB7E = {
						CreatedOnToolsVersion = 8.0;
						ProvisioningStyle = Automatic;
					};
					0B3B09FD1DF708D00053CB7E = {
						CreatedOnToolsVersion = 8.0;
						ProvisioningStyle = Automatic;
						TestTargetID = 0B3B09E91DF708D00053CB7E;
					};
					0B3B0A081DF708D00053CB7E = {
						CreatedOnToolsVersion = 8.0;
						ProvisioningStyle = Automatic;
						TestTargetID = 0B3B09E91DF708D00053CB7E;
					};
				};
			};
			buildConfigurationList = 0B3B09E51DF708D00053CB7E /* Build configuration list for PBXProject "Final Grade Calculator" */;
			compatibilityVersion = "Xcode 3.2";
			developmentRegion = English;
			hasScannedForEncodings = 0;
			knownRegions = (
				en,
				Base,
			);
			mainGroup = 0B3B09E11DF708D00053CB7E;
			productRefGroup = 0B3B09EB1DF708D00053CB7E /* Products */;
			projectDirPath = "";
			projectRoot = "";
			targets = (
				0B3B09E91DF708D00053CB7E /* Final Grade Calculator */,
				0B3B09FD1DF708D00053CB7E /* Final Grade CalculatorTests */,
				0B3B0A081DF708D00053CB7E /* Final Grade CalculatorUITests */,
			);
		};
/* End PBXProject section */

/* Begin PBXResourcesBuildPhase section */
		0B3B09E81DF708D00053CB7E /* Resources */ = {
			isa = PBXResourcesBuildPhase;
			buildActionMask = 2147483647;
			files = (
				0B3B09F81DF708D00053CB7E /* LaunchScreen.storyboard in Resources */,
				0B3B09F51DF708D00053CB7E /* Assets.xcassets in Resources */,
				0B3B09F31DF708D00053CB7E /* Main.storyboard in Resources */,
			);
			runOnlyForDeploymentPostprocessing = 0;
		};
		0B3B09FC1DF708D00053CB7E /* Resources */ = {
			isa = PBXResourcesBuildPhase;
			buildActionMask = 2147483647;
			files = (
			);
			runOnlyForDeploymentPostprocessing = 0;
		};
		0B3B0A071DF708D00053CB7E /* Resources */ = {
			isa = PBXResourcesBuildPhase;
			buildActionMask = 2147483647;
			files = (
			);
			runOnlyForDeploymentPostprocessing = 0;
		};
/* End PBXResourcesBuildPhase section */

/* Begin PBXSourcesBuildPhase section */
		0B3B09E61DF708D00053CB7E /* Sources */ = {
			isa = PBXSourcesBuildPhase;
			buildActionMask = 2147483647;
			files = (
				0B3B09F01DF708D00053CB7E /* ViewController.swift in Sources */,
				0B3B09EE1DF708D00053CB7E /* AppDelegate.swift in Sources */,
			);
			runOnlyForDeploymentPostprocessing = 0;
		};
		0B3B09FA1DF708D00053CB7E /* Sources */ = {
			isa = PBXSourcesBuildPhase;
			buildActionMask = 2147483647;
			files = (
				0B3B0A031DF708D00053CB7E /* Final_Grade_CalculatorTests.swift in Sources */,
			);
			runOnlyForDeploymentPostprocessing = 0;
		};
		0B3B0A051DF708D00053CB7E /* Sources */ = {
			isa = PBXSourcesBuildPhase;
			buildActionMask = 2147483647;
			files = (
				0B3B0A0E1DF708D00053CB7E /* Final_Grade_CalculatorUITests.swift in Sources */,
			);
			runOnlyForDeploymentPostprocessing = 0;
		};
/* End PBXSourcesBuildPhase section */

/* Begin PBXTargetDependency section */
		0B3B0A001DF708D00053CB7E /* PBXTargetDependency */ = {
			isa = PBXTargetDependency;
			target = 0B3B09E91DF708D00053CB7E /* Final Grade Calculator */;
			targetProxy = 0B3B09FF1DF708D00053CB7E /* PBXContainerItemProxy */;
		};
		0B3B0A0B1DF708D00053CB7E /* PBXTargetDependency */ = {
			isa = PBXTargetDependency;
			target = 0B3B09E91DF708D00053CB7E /* Final Grade Calculator */;
			targetProxy = 0B3B0A0A1DF708D00053CB7E /* PBXContainerItemProxy */;
		};
/* End PBXTargetDependency section */

/* Begin PBXVariantGroup section */
		0B3B09F11DF708D00053CB7E /* Main.storyboard */ = {
			isa = PBXVariantGroup;
			children = (
				0B3B09F21DF708D00053CB7E /* Base */,
			);
			name = Main.storyboard;
			sourceTree = "<group>";
		};
		0B3B09F61DF708D00053CB7E /* LaunchScreen.storyboard */ = {
			isa = PBXVariantGroup;
			children = (
				0B3B09F71DF708D00053CB7E /* Base */,
			);
			name = LaunchScreen.storyboard;
			sourceTree = "<group>";
		};
/* End PBXVariantGroup section */

/* Begin XCBuildConfiguration section */
		0B3B0A101DF708D00053CB7E /* Debug */ = {
			isa = XCBuildConfiguration;
			buildSettings = {
				ALWAYS_SEARCH_USER_PATHS = NO;
				CLANG_ANALYZER_NONNULL = YES;
				CLANG_CXX_LANGUAGE_STANDARD = "gnu++0x";
				CLANG_CXX_LIBRARY = "libc++";
				CLANG_ENABLE_MODULES = YES;
				CLANG_ENABLE_OBJC_ARC = YES;
				CLANG_WARN_BOOL_CONVERSION = YES;
				CLANG_WARN_CONSTANT_CONVERSION = YES;
				CLANG_WARN_DIRECT_OBJC_ISA_USAGE = YES_ERROR;
				CLANG_WARN_DOCUMENTATION_COMMENTS = YES;
				CLANG_WARN_EMPTY_BODY = YES;
				CLANG_WARN_ENUM_CONVERSION = YES;
				CLANG_WARN_INFINITE_RECURSION = YES;
				CLANG_WARN_INT_CONVERSION = YES;
				CLANG_WARN_OBJC_ROOT_CLASS = YES_ERROR;
				CLANG_WARN_SUSPICIOUS_MOVES = YES;
				CLANG_WARN_UNREACHABLE_CODE = YES;
				CLANG_WARN__DUPLICATE_METHOD_MATCH = YES;
				"CODE_SIGN_IDENTITY[sdk=iphoneos*]" = "iPhone Developer";
				COPY_PHASE_STRIP = NO;
				DEBUG_INFORMATION_FORMAT = dwarf;
				ENABLE_STRICT_OBJC_MSGSEND = YES;
				ENABLE_TESTABILITY = YES;
				GCC_C_LANGUAGE_STANDARD = gnu99;
				GCC_DYNAMIC_NO_PIC = NO;
				GCC_NO_COMMON_BLOCKS = YES;
				GCC_OPTIMIZATION_LEVEL = 0;
				GCC_PREPROCESSOR_DEFINITIONS = (
					"DEBUG=1",
					"$(inherited)",
				);
				GCC_WARN_64_TO_32_BIT_CONVERSION = YES;
				GCC_WARN_ABOUT_RETURN_TYPE = YES_ERROR;
				GCC_WARN_UNDECLARED_SELECTOR = YES;
				GCC_WARN_UNINITIALIZED_AUTOS = YES_AGGRESSIVE;
				GCC_WARN_UNUSED_FUNCTION = YES;
				GCC_WARN_UNUSED_VARIABLE = YES;
				IPHONEOS_DEPLOYMENT_TARGET = 10.0;
				MTL_ENABLE_DEBUG_INFO = YES;
				ONLY_ACTIVE_ARCH = YES;
				SDKROOT = iphoneos;
				SWIFT_ACTIVE_COMPILATION_CONDITIONS = DEBUG;
				SWIFT_OPTIMIZATION_LEVEL = "-Onone";
				TARGETED_DEVICE_FAMILY = "1,2";
			};
			name = Debug;
		};
		0B3B0A111DF708D00053CB7E /* Release */ = {
			isa = XCBuildConfiguration;
			buildSettings = {
				ALWAYS_SEARCH_USER_PATHS = NO;
				CLANG_ANALYZER_NONNULL = YES;
				CLANG_CXX_LANGUAGE_STANDARD = "gnu++0x";
				CLANG_CXX_LIBRARY = "libc++";
				CLANG_ENABLE_MODULES = YES;
				CLANG_ENABLE_OBJC_ARC = YES;
				CLANG_WARN_BOOL_CONVERSION = YES;
				CLANG_WARN_CONSTANT_CONVERSION = YES;
				CLANG_WARN_DIRECT_OBJC_ISA_USAGE = YES_ERROR;
				CLANG_WARN_DOCUMENTATION_COMMENTS = YES;
				CLANG_WARN_EMPTY_BODY = YES;
				CLANG_WARN_ENUM_CONVERSION = YES;
				CLANG_WARN_INFINITE_RECURSION = YES;
				CLANG_WARN_INT_CONVERSION = YES;
				CLANG_WARN_OBJC_ROOT_CLASS = YES_ERROR;
				CLANG_WARN_SUSPICIOUS_MOVES = YES;
				CLANG_WARN_UNREACHABLE_CODE = YES;
				CLANG_WARN__DUPLICATE_METHOD_MATCH = YES;
				"CODE_SIGN_IDENTITY[sdk=iphoneos*]" = "iPhone Developer";
				COPY_PHASE_STRIP = NO;
				DEBUG_INFORMATION_FORMAT = "dwarf-with-dsym";
				ENABLE_NS_ASSERTIONS = NO;
				ENABLE_STRICT_OBJC_MSGSEND = YES;
				GCC_C_LANGUAGE_STANDARD = gnu99;
				GCC_NO_COMMON_BLOCKS = YES;
				GCC_WARN_64_TO_32_BIT_CONVERSION = YES;
				GCC_WARN_ABOUT_RETURN_TYPE = YES_ERROR;
				GCC_WARN_UNDECLARED_SELECTOR = YES;
				GCC_WARN_UNINITIALIZED_AUTOS = YES_AGGRESSIVE;
				GCC_WARN_UNUSED_FUNCTION = YES;
				GCC_WARN_UNUSED_VARIABLE = YES;
				IPHONEOS_DEPLOYMENT_TARGET = 10.0;
				MTL_ENABLE_DEBUG_INFO = NO;
				SDKROOT = iphoneos;
				SWIFT_OPTIMIZATION_LEVEL = "-Owholemodule";
				TARGETED_DEVICE_FAMILY = "1,2";
				VALIDATE_PRODUCT = YES;
			};
			name = Release;
		};
		0B3B0A131DF708D00053CB7E /* Debug */ = {
			isa = XCBuildConfiguration;
			buildSettings = {
				ASSETCATALOG_COMPILER_APPICON_NAME = AppIcon;
				INFOPLIST_FILE = "Final Grade Calculator/Info.plist";
				LD_RUNPATH_SEARCH_PATHS = "$(inherited) @executable_path/Frameworks";
				PRODUCT_BUNDLE_IDENTIFIER = "Sedona.Final-Grade-Calculator";
				PRODUCT_NAME = "$(TARGET_NAME)";
				SWIFT_VERSION = 3.0;
			};
			name = Debug;
		};
		0B3B0A141DF708D00053CB7E /* Release */ = {
			isa = XCBuildConfiguration;
			buildSettings = {
				ASSETCATALOG_COMPILER_APPICON_NAME = AppIcon;
				INFOPLIST_FILE = "Final Grade Calculator/Info.plist";
				LD_RUNPATH_SEARCH_PATHS = "$(inherited) @executable_path/Frameworks";
				PRODUCT_BUNDLE_IDENTIFIER = "Sedona.Final-Grade-Calculator";
				PRODUCT_NAME = "$(TARGET_NAME)";
				SWIFT_VERSION = 3.0;
			};
			name = Release;
		};
		0B3B0A161DF708D00053CB7E /* Debug */ = {
			isa = XCBuildConfiguration;
			buildSettings = {
				ALWAYS_EMBED_SWIFT_STANDARD_LIBRARIES = YES;
				BUNDLE_LOADER = "$(TEST_HOST)";
				INFOPLIST_FILE = "Final Grade CalculatorTests/Info.plist";
				LD_RUNPATH_SEARCH_PATHS = "$(inherited) @executable_path/Frameworks @loader_path/Frameworks";
				PRODUCT_BUNDLE_IDENTIFIER = "Sedona.Final-Grade-CalculatorTests";
				PRODUCT_NAME = "$(TARGET_NAME)";
				SWIFT_VERSION = 3.0;
				TEST_HOST = "$(BUILT_PRODUCTS_DIR)/Final Grade Calculator.app/Final Grade Calculator";
			};
			name = Debug;
		};
		0B3B0A171DF708D00053CB7E /* Release */ = {
			isa = XCBuildConfiguration;
			buildSettings = {
				ALWAYS_EMBED_SWIFT_STANDARD_LIBRARIES = YES;
				BUNDLE_LOADER = "$(TEST_HOST)";
				INFOPLIST_FILE = "Final Grade CalculatorTests/Info.plist";
				LD_RUNPATH_SEARCH_PATHS = "$(inherited) @executable_path/Frameworks @loader_path/Frameworks";
				PRODUCT_BUNDLE_IDENTIFIER = "Sedona.Final-Grade-CalculatorTests";
				PRODUCT_NAME = "$(TARGET_NAME)";
				SWIFT_VERSION = 3.0;
				TEST_HOST = "$(BUILT_PRODUCTS_DIR)/Final Grade Calculator.app/Final Grade Calculator";
			};
			name = Release;
		};
		0B3B0A191DF708D00053CB7E /* Debug */ = {
			isa = XCBuildConfiguration;
			buildSettings = {
				ALWAYS_EMBED_SWIFT_STANDARD_LIBRARIES = YES;
				INFOPLIST_FILE = "Final Grade CalculatorUITests/Info.plist";
				LD_RUNPATH_SEARCH_PATHS = "$(inherited) @executable_path/Frameworks @loader_path/Frameworks";
				PRODUCT_BUNDLE_IDENTIFIER = "Sedona.Final-Grade-CalculatorUITests";
				PRODUCT_NAME = "$(TARGET_NAME)";
				SWIFT_VERSION = 3.0;
				TEST_TARGET_NAME = "Final Grade Calculator";
			};
			name = Debug;
		};
		0B3B0A1A1DF708D00053CB7E /* Release */ = {
			isa = XCBuildConfiguration;
			buildSettings = {
				ALWAYS_EMBED_SWIFT_STANDARD_LIBRARIES = YES;
				INFOPLIST_FILE = "Final Grade CalculatorUITests/Info.plist";
				LD_RUNPATH_SEARCH_PATHS = "$(inherited) @executable_path/Frameworks @loader_path/Frameworks";
				PRODUCT_BUNDLE_IDENTIFIER = "Sedona.Final-Grade-CalculatorUITests";
				PRODUCT_NAME = "$(TARGET_NAME)";
				SWIFT_VERSION = 3.0;
				TEST_TARGET_NAME = "Final Grade Calculator";
			};
			name = Release;
		};
/* End XCBuildConfiguration section */

/* Begin XCConfigurationList section */
		0B3B09E51DF708D00053CB7E /* Build configuration list for PBXProject "Final Grade Calculator" */ = {
			isa = XCConfigurationList;
			buildConfigurations = (
				0B3B0A101DF708D00053CB7E /* Debug */,
				0B3B0A111DF708D00053CB7E /* Release */,
			);
			defaultConfigurationIsVisible = 0;
			defaultConfigurationName = Release;
		};
		0B3B0A121DF708D00053CB7E /* Build configuration list for PBXNativeTarget "Final Grade Calculator" */ = {
			isa = XCConfigurationList;
			buildConfigurations = (
				0B3B0A131DF708D00053CB7E /* Debug */,
				0B3B0A141DF708D00053CB7E /* Release */,
			);
			defaultConfigurationIsVisible = 0;
		};
		0B3B0A151DF708D00053CB7E /* Build configuration list for PBXNativeTarget "Final Grade CalculatorTests" */ = {
			isa = XCConfigurationList;
			buildConfigurations = (
				0B3B0A161DF708D00053CB7E /* Debug */,
				0B3B0A171DF708D00053CB7E /* Release */,
			);
			defaultConfigurationIsVisible = 0;
		};
		0B3B0A181DF708D00053CB7E /* Build configuration list for PBXNativeTarget "Final Grade CalculatorUITests" */ = {
			isa = XCConfigurationList;
			buildConfigurations = (
				0B3B0A191DF708D00053CB7E /* Debug */,
				0B3B0A1A1DF708D00053CB7E /* Release */,
			);
			defaultConfigurationIsVisible = 0;
		};
/* End XCConfigurationList section */
	};
	rootObject = 0B3B09E21DF708D00053CB7E /* Project object */;
}
